
Microsoft Visual Studio Solution File, Format Version 12.00
# Visual Studio 15
VisualStudioVersion = 15.0.28010.2046
MinimumVisualStudioVersion = 10.0.40219.1
Project("{9A19103F-16F7-4668-BE54-9A1E7A4F7556}") = "PluralsightDemo", "..\..\OneDrive\Desktop\NETIdentity\03\demos\demos\m2-05\PluralsightDemo.csproj", "{1BB4CCAF-794A-4AC6-A43A-42E6E8898FEB}"
EndProject
Global
	GlobalSection(SolutionConfigurationPlatforms) = preSolution
		Debug|Any CPU = Debug|Any CPU
		Release|Any CPU = Release|Any CPU
	EndGlobalSection
	GlobalSection(ProjectConfigurationPlatforms) = postSolution
		{1BB4CCAF-794A-4AC6-A43A-42E6E8898FEB}.Debug|Any CPU.ActiveCfg = Debug|Any CPU
		{1BB4CCAF-794A-4AC6-A43A-42E6E8898FEB}.Debug|Any CPU.Build.0 = Debug|Any CPU
		{1BB4CCAF-794A-4AC6-A43A-42E6E8898FEB}.Release|Any CPU.ActiveCfg = Release|Any CPU
		{1BB4CCAF-794A-4AC6-A43A-42E6E8898FEB}.Release|Any CPU.Build.0 = Release|Any CPU
	EndGlobalSection
	GlobalSection(SolutionProperties) = preSolution
		HideSolutionNode = FALSE
	EndGlobalSection
	GlobalSection(ExtensibilityGlobals) = postSolution
		SolutionGuid = {8A51192D-E3FE-4B1D-A6BA-0048C148F940}
	EndGlobalSection
EndGlobal
