
Microsoft Visual Studio Solution File, Format Version 12.00
# Visual Studio 15
VisualStudioVersion = 15.0.28010.2046
MinimumVisualStudioVersion = 10.0.40219.1
Project("{9A19103F-16F7-4668-BE54-9A1E7A4F7556}") = "PluralsightDemo", "..\..\OneDrive\Desktop\NETIdentity\03\demos\demos\m2-07\PluralsightDemo.csproj", "{D6E4F16B-0F80-445C-9125-8A2EB5519A45}"
EndProject
Global
	GlobalSection(SolutionConfigurationPlatforms) = preSolution
		Debug|Any CPU = Debug|Any CPU
		Release|Any CPU = Release|Any CPU
	EndGlobalSection
	GlobalSection(ProjectConfigurationPlatforms) = postSolution
		{D6E4F16B-0F80-445C-9125-8A2EB5519A45}.Debug|Any CPU.ActiveCfg = Debug|Any CPU
		{D6E4F16B-0F80-445C-9125-8A2EB5519A45}.Debug|Any CPU.Build.0 = Debug|Any CPU
		{D6E4F16B-0F80-445C-9125-8A2EB5519A45}.Release|Any CPU.ActiveCfg = Release|Any CPU
		{D6E4F16B-0F80-445C-9125-8A2EB5519A45}.Release|Any CPU.Build.0 = Release|Any CPU
	EndGlobalSection
	GlobalSection(SolutionProperties) = preSolution
		HideSolutionNode = FALSE
	EndGlobalSection
	GlobalSection(ExtensibilityGlobals) = postSolution
		SolutionGuid = {D229ACF0-C3DE-4BB7-8CF7-8F18BA462716}
	EndGlobalSection
EndGlobal
