
Microsoft Visual Studio Solution File, Format Version 12.00
# Visual Studio 15
VisualStudioVersion = 15.0.28010.2046
MinimumVisualStudioVersion = 10.0.40219.1
Project("{FAE04EC0-301F-11D3-BF4B-00C04F79EFBC}") = "ImranQuestions", "ImranQuestions\ImranQuestions.csproj", "{4D0CE88E-380D-4234-A2AB-A7F220C1B78D}"
EndProject
Global
	GlobalSection(SolutionConfigurationPlatforms) = preSolution
		Debug|Any CPU = Debug|Any CPU
		Release|Any CPU = Release|Any CPU
	EndGlobalSection
	GlobalSection(ProjectConfigurationPlatforms) = postSolution
		{4D0CE88E-380D-4234-A2AB-A7F220C1B78D}.Debug|Any CPU.ActiveCfg = Debug|Any CPU
		{4D0CE88E-380D-4234-A2AB-A7F220C1B78D}.Debug|Any CPU.Build.0 = Debug|Any CPU
		{4D0CE88E-380D-4234-A2AB-A7F220C1B78D}.Release|Any CPU.ActiveCfg = Release|Any CPU
		{4D0CE88E-380D-4234-A2AB-A7F220C1B78D}.Release|Any CPU.Build.0 = Release|Any CPU
	EndGlobalSection
	GlobalSection(SolutionProperties) = preSolution
		HideSolutionNode = FALSE
	EndGlobalSection
	GlobalSection(ExtensibilityGlobals) = postSolution
		SolutionGuid = {828EC6BC-332C-419A-BD9E-936A712E32D8}
	EndGlobalSection
EndGlobal
